<?xml version="1.0" encoding="utf-8"?>
<Project ToolsVersion="4.0" xmlns="http://schemas.microsoft.com/developer/msbuild/2003">
  <ItemGroup>
    <Filter Include="Source Files">
      <UniqueIdentifier>{4FC737F1-C7A5-4376-A066-2A32D752A2FF}</UniqueIdentifier>
      <Extensions>cpp;c;cc;cxx;c++;cppm;ixx;def;odl;idl;hpj;bat;asm;asmx</Extensions>
    </Filter>
    <Filter Include="Header Files">
      <UniqueIdentifier>{93995380-89BD-4b04-88EB-625FBE52EBFB}</UniqueIdentifier>
      <Extensions>h;hh;hpp;hxx;h++;hm;inl;inc;ipp;xsd</Extensions>
    </Filter>
    <Filter Include="Resource Files">
      <UniqueIdentifier>{67DA6AB6-F800-4c08-8B7A-83BB121AAD01}</UniqueIdentifier>
      <Extensions>rc;ico;cur;bmp;dlg;rc2;rct;bin;rgs;gif;jpg;jpeg;jpe;resx;tiff;tif;png;wav;mfcribbon-ms</Extensions>
    </Filter>
    <Filter Include="Source Files\Unit">
      <UniqueIdentifier>{9452b3e5-373d-436e-8d21-c35651842227}</UniqueIdentifier>
    </Filter>
    <Filter Include="Source Files\Stream">
      <UniqueIdentifier>{8c38d7a4-688f-470a-9998-a548a1ff56ac}</UniqueIdentifier>
    </Filter>
    <Filter Include="Source Files\Stream\Input">
      <UniqueIdentifier>{022cef5b-e92a-4dc3-964d-009f0831eedd}</UniqueIdentifier>
    </Filter>
    <Filter Include="Source Files\Stream\Output">
      <UniqueIdentifier>{405ddac4-fc8b-43ce-8a9e-58f757d1ffea}</UniqueIdentifier>
    </Filter>
    <Filter Include="Source Files\Stream\Decorator">
      <UniqueIdentifier>{a28b9616-c6f7-44ba-8e71-a1f3008dfe44}</UniqueIdentifier>
    </Filter>
    <Filter Include="Source Files\Stream\Decorator\Crypt">
      <UniqueIdentifier>{a006797c-ec45-4cc9-924a-6bf2b93fbf96}</UniqueIdentifier>
    </Filter>
    <Filter Include="Source Files\Stream\Decorator\Compress">
      <UniqueIdentifier>{cb7a47d6-d051-460f-9f10-8cebab9af2d3}</UniqueIdentifier>
    </Filter>
    <Filter Include="Source Files\Stream\StreamHelpers">
      <UniqueIdentifier>{4090827d-7637-4972-9ba5-6911f4c9c3ed}</UniqueIdentifier>
    </Filter>
  </ItemGroup>
  <ItemGroup>
    <ClCompile Include="main.test.cpp">
      <Filter>Source Files</Filter>
    </ClCompile>
    <ClCompile Include="unit\FileInputStream.test.cpp">
      <Filter>Source Files\Unit</Filter>
    </ClCompile>
    <ClCompile Include="include\pch.cpp">
      <Filter>Header Files</Filter>
    </ClCompile>
    <ClCompile Include="unit\FileOutputStream.test.cpp">
      <Filter>Source Files\Unit</Filter>
    </ClCompile>
    <ClCompile Include="unit\FileExists.test.cpp">
      <Filter>Source Files\Unit</Filter>
    </ClCompile>
    <ClCompile Include="unit\MemoryInputStream.test.cpp">
      <Filter>Source Files\Unit</Filter>
    </ClCompile>
    <ClCompile Include="unit\MemoryOutputStream.test.cpp">
      <Filter>Source Files\Unit</Filter>
    </ClCompile>
    <ClCompile Include="unit\FileInputStreamDeCrypted.test.cpp">
      <Filter>Source Files\Unit</Filter>
    </ClCompile>
    <ClCompile Include="..\streams\src\InputStreamBase.cpp">
      <Filter>Source Files\Stream\Input</Filter>
    </ClCompile>
    <ClCompile Include="..\streams\src\FileInputStream.cpp">
      <Filter>Source Files\Stream\Input</Filter>
    </ClCompile>
    <ClCompile Include="..\streams\src\MemoryInputStream.cpp">
      <Filter>Source Files\Stream\Input</Filter>
    </ClCompile>
    <ClCompile Include="..\streams\src\FileOutputStream.cpp">
      <Filter>Source Files\Stream\Output</Filter>
    </ClCompile>
    <ClCompile Include="..\streams\src\MemoryOutputStream.cpp">
      <Filter>Source Files\Stream\Output</Filter>
    </ClCompile>
    <ClCompile Include="..\streams\src\OutputStreamBase.cpp">
      <Filter>Source Files\Stream\Output</Filter>
    </ClCompile>
    <ClCompile Include="..\streams\src\InputStreamDecoratorBase.cpp">
      <Filter>Source Files\Stream\Decorator</Filter>
    </ClCompile>
    <ClCompile Include="..\streams\src\OutputStreamDecoratorBase.cpp">
      <Filter>Source Files\Stream\Decorator</Filter>
    </ClCompile>
    <ClCompile Include="..\streams\src\InputStreamDeCrypter.cpp">
      <Filter>Source Files\Stream\Decorator\Crypt</Filter>
    </ClCompile>
    <ClCompile Include="..\streams\src\OutputStreamEnCrypter.cpp">
      <Filter>Source Files\Stream\Decorator\Crypt</Filter>
    </ClCompile>
    <ClCompile Include="..\streams\src\InputStreamRLEDeCompressor.cpp">
      <Filter>Source Files\Stream\Decorator\Compress</Filter>
    </ClCompile>
    <ClCompile Include="..\streams\src\OutputStreamRLECompressor.cpp">
      <Filter>Source Files\Stream\Decorator\Compress</Filter>
    </ClCompile>
    <ClCompile Include="..\streams\src\CreateFileHandler.cpp">
      <Filter>Source Files\Stream\StreamHelpers</Filter>
    </ClCompile>
    <ClCompile Include="unit\WritingReadingCrpyt.test.cpp">
      <Filter>Source Files\Unit</Filter>
    </ClCompile>
    <ClCompile Include="unit\WritingReadingCompress.test.cpp">
      <Filter>Source Files\Unit</Filter>
    </ClCompile>
  </ItemGroup>
  <ItemGroup>
    <ClInclude Include="include\pch.h">
      <Filter>Header Files</Filter>
    </ClInclude>
  </ItemGroup>
</Project>