<?xml version="1.0" encoding="utf-8"?>
<Project ToolsVersion="4.0" xmlns="http://schemas.microsoft.com/developer/msbuild/2003">
  <ItemGroup>
    <Filter Include="Source Files">
      <UniqueIdentifier>{4FC737F1-C7A5-4376-A066-2A32D752A2FF}</UniqueIdentifier>
      <Extensions>cpp;c;cc;cxx;c++;cppm;ixx;def;odl;idl;hpj;bat;asm;asmx</Extensions>
    </Filter>
    <Filter Include="Header Files">
      <UniqueIdentifier>{93995380-89BD-4b04-88EB-625FBE52EBFB}</UniqueIdentifier>
      <Extensions>h;hh;hpp;hxx;h++;hm;inl;inc;ipp;xsd</Extensions>
    </Filter>
    <Filter Include="Resource Files">
      <UniqueIdentifier>{67DA6AB6-F800-4c08-8B7A-83BB121AAD01}</UniqueIdentifier>
      <Extensions>rc;ico;cur;bmp;dlg;rc2;rct;bin;rgs;gif;jpg;jpeg;jpe;resx;tiff;tif;png;wav;mfcribbon-ms</Extensions>
    </Filter>
    <Filter Include="Source Files\Unit">
      <UniqueIdentifier>{9452b3e5-373d-436e-8d21-c35651842227}</UniqueIdentifier>
    </Filter>
    <Filter Include="Source Files\Stream">
      <UniqueIdentifier>{d448191e-6b8e-4546-888c-c1b9aa676bd5}</UniqueIdentifier>
    </Filter>
    <Filter Include="Source Files\Stream\Input">
      <UniqueIdentifier>{ee796356-8b3b-47b0-ba1a-90b6813d51e4}</UniqueIdentifier>
    </Filter>
    <Filter Include="Source Files\Stream\Output">
      <UniqueIdentifier>{6e08a28d-69ce-49fb-8740-30f38b9e5505}</UniqueIdentifier>
    </Filter>
  </ItemGroup>
  <ItemGroup>
    <ClCompile Include="main.test.cpp">
      <Filter>Source Files</Filter>
    </ClCompile>
    <ClCompile Include="unit\FileInputStream.test.cpp">
      <Filter>Source Files\Unit</Filter>
    </ClCompile>
    <ClCompile Include="include\pch.cpp">
      <Filter>Header Files</Filter>
    </ClCompile>
    <ClCompile Include="unit\FileOutputStream.test.cpp">
      <Filter>Source Files\Unit</Filter>
    </ClCompile>
    <ClCompile Include="unit\FileExists.test.cpp">
      <Filter>Source Files\Unit</Filter>
    </ClCompile>
    <ClCompile Include="..\streams\src\FileInputStream.cpp">
      <Filter>Source Files\Stream\Input</Filter>
    </ClCompile>
    <ClCompile Include="..\streams\src\MemoryInputStream.cpp">
      <Filter>Source Files\Stream\Input</Filter>
    </ClCompile>
    <ClCompile Include="..\streams\src\FileOutputStream.cpp">
      <Filter>Source Files\Stream\Output</Filter>
    </ClCompile>
    <ClCompile Include="..\streams\src\MemoryOutputStream.cpp">
      <Filter>Source Files\Stream\Output</Filter>
    </ClCompile>
    <ClCompile Include="unit\MemoryInputStream.test.cpp">
      <Filter>Source Files\Unit</Filter>
    </ClCompile>
  </ItemGroup>
  <ItemGroup>
    <ClInclude Include="include\pch.h">
      <Filter>Header Files</Filter>
    </ClInclude>
  </ItemGroup>
</Project>