<?xml version="1.0" encoding="utf-8"?>
<Project ToolsVersion="4.0" xmlns="http://schemas.microsoft.com/developer/msbuild/2003">
  <ItemGroup>
    <Filter Include="Source Files">
      <UniqueIdentifier>{4FC737F1-C7A5-4376-A066-2A32D752A2FF}</UniqueIdentifier>
      <Extensions>cpp;c;cc;cxx;c++;cppm;ixx;def;odl;idl;hpj;bat;asm;asmx</Extensions>
    </Filter>
    <Filter Include="Header Files">
      <UniqueIdentifier>{93995380-89BD-4b04-88EB-625FBE52EBFB}</UniqueIdentifier>
      <Extensions>h;hh;hpp;hxx;h++;hm;inl;inc;ipp;xsd</Extensions>
    </Filter>
    <Filter Include="Resource Files">
      <UniqueIdentifier>{67DA6AB6-F800-4c08-8B7A-83BB121AAD01}</UniqueIdentifier>
      <Extensions>rc;ico;cur;bmp;dlg;rc2;rct;bin;rgs;gif;jpg;jpeg;jpe;resx;tiff;tif;png;wav;mfcribbon-ms</Extensions>
    </Filter>
    <Filter Include="Source Files\Stream">
      <UniqueIdentifier>{aca0ba91-e08e-4df6-a6db-53bde5b671cd}</UniqueIdentifier>
    </Filter>
    <Filter Include="Header Files\Stream">
      <UniqueIdentifier>{bddaa4fc-eec1-4a72-8e44-9275e0f9ae2e}</UniqueIdentifier>
    </Filter>
    <Filter Include="Header Files\Stream\Input">
      <UniqueIdentifier>{d6ff623f-8389-4aea-9583-606e151d2adc}</UniqueIdentifier>
    </Filter>
    <Filter Include="Source Files\Stream\Input">
      <UniqueIdentifier>{3318f937-c11a-4f0e-ad32-8789b842fd70}</UniqueIdentifier>
    </Filter>
    <Filter Include="Source Files\Stream\Output">
      <UniqueIdentifier>{9628a17d-8e95-4d2b-829d-4ff938459155}</UniqueIdentifier>
    </Filter>
    <Filter Include="Header Files\Stream\Output">
      <UniqueIdentifier>{fd9c2a7b-caea-43ea-a51f-7437ed450da3}</UniqueIdentifier>
    </Filter>
    <Filter Include="Header Files\Stream\Decorator">
      <UniqueIdentifier>{675492b9-30c0-4b66-a7d9-8958e49a76a8}</UniqueIdentifier>
    </Filter>
    <Filter Include="Source Files\Stream\Decorator">
      <UniqueIdentifier>{4907ade9-f2c8-4437-a4ee-4ae0d4e6975a}</UniqueIdentifier>
    </Filter>
    <Filter Include="Header Files\Stream\Decorator\Crypt">
      <UniqueIdentifier>{920838c0-d08a-4f63-b360-f8740b8ab81d}</UniqueIdentifier>
    </Filter>
    <Filter Include="Source Files\Stream\Decorator\Crypt">
      <UniqueIdentifier>{b22ac123-b460-4907-baf5-f5e74b44d8ce}</UniqueIdentifier>
    </Filter>
  </ItemGroup>
  <ItemGroup>
    <ClCompile Include="main.cpp">
      <Filter>Source Files</Filter>
    </ClCompile>
    <ClCompile Include="include\pch.cpp">
      <Filter>Header Files</Filter>
    </ClCompile>
    <ClCompile Include="src\FileInputStream.cpp">
      <Filter>Source Files\Stream\Input</Filter>
    </ClCompile>
    <ClCompile Include="src\MemoryInputStream.cpp">
      <Filter>Source Files\Stream\Input</Filter>
    </ClCompile>
    <ClCompile Include="src\FileOutputStream.cpp">
      <Filter>Source Files\Stream\Output</Filter>
    </ClCompile>
    <ClCompile Include="src\MemoryOutputStream.cpp">
      <Filter>Source Files\Stream\Output</Filter>
    </ClCompile>
    <ClCompile Include="src\InputStreamDecoratorBase.cpp">
      <Filter>Source Files\Stream\Decorator</Filter>
    </ClCompile>
    <ClCompile Include="src\InputStreamDeCrypter.cpp">
      <Filter>Source Files\Stream\Decorator\Crypt</Filter>
    </ClCompile>
    <ClCompile Include="src\OutputStreamDecoratorBase.cpp">
      <Filter>Source Files\Stream\Decorator</Filter>
    </ClCompile>
    <ClCompile Include="src\OutputStreamEnCrypter.cpp">
      <Filter>Source Files\Stream\Decorator\Crypt</Filter>
    </ClCompile>
    <ClCompile Include="src\ArgumentParser.cpp">
      <Filter>Source Files</Filter>
    </ClCompile>
  </ItemGroup>
  <ItemGroup>
    <ClInclude Include="include\pch.h">
      <Filter>Header Files</Filter>
    </ClInclude>
    <ClInclude Include="include\IOutputDataStream.h">
      <Filter>Header Files\Stream</Filter>
    </ClInclude>
    <ClInclude Include="include\IInputDataStream.h">
      <Filter>Header Files\Stream</Filter>
    </ClInclude>
    <ClInclude Include="include\FileInputStream.h">
      <Filter>Header Files\Stream\Input</Filter>
    </ClInclude>
    <ClInclude Include="include\MemoryInputStream.h">
      <Filter>Header Files\Stream\Input</Filter>
    </ClInclude>
    <ClInclude Include="include\FileOutputStream.h">
      <Filter>Header Files\Stream\Output</Filter>
    </ClInclude>
    <ClInclude Include="include\MemoryOutputStream.h">
      <Filter>Header Files\Stream\Output</Filter>
    </ClInclude>
    <ClInclude Include="include\TryOpenFile.hpp">
      <Filter>Header Files\Stream</Filter>
    </ClInclude>
    <ClInclude Include="include\InputStreamDecoratorBase.h">
      <Filter>Header Files\Stream\Decorator</Filter>
    </ClInclude>
    <ClInclude Include="include\DecoratorHelpers.hpp">
      <Filter>Header Files\Stream\Decorator</Filter>
    </ClInclude>
    <ClInclude Include="include\InputStreamDeCrypter.h">
      <Filter>Header Files\Stream\Decorator\Crypt</Filter>
    </ClInclude>
    <ClInclude Include="include\CryptTableGenerator.hpp">
      <Filter>Header Files\Stream\Decorator\Crypt</Filter>
    </ClInclude>
    <ClInclude Include="include\OutputStreamDecoratorBase.h">
      <Filter>Header Files\Stream\Decorator</Filter>
    </ClInclude>
    <ClInclude Include="include\OutputStreamEnCrypter.h">
      <Filter>Header Files\Stream\Decorator\Crypt</Filter>
    </ClInclude>
    <ClInclude Include="include\ArgumentsParser.h">
      <Filter>Header Files</Filter>
    </ClInclude>
    <ClInclude Include="include\CreateFileHandler.h">
      <Filter>Header Files\Stream</Filter>
    </ClInclude>
  </ItemGroup>
</Project>