<?xml version="1.0" encoding="utf-8"?>
<Project ToolsVersion="4.0" xmlns="http://schemas.microsoft.com/developer/msbuild/2003">
  <ItemGroup>
    <Filter Include="Source Files">
      <UniqueIdentifier>{4FC737F1-C7A5-4376-A066-2A32D752A2FF}</UniqueIdentifier>
      <Extensions>cpp;c;cc;cxx;c++;cppm;ixx;def;odl;idl;hpj;bat;asm;asmx</Extensions>
    </Filter>
    <Filter Include="Header Files">
      <UniqueIdentifier>{93995380-89BD-4b04-88EB-625FBE52EBFB}</UniqueIdentifier>
      <Extensions>h;hh;hpp;hxx;h++;hm;inl;inc;ipp;xsd</Extensions>
    </Filter>
    <Filter Include="Resource Files">
      <UniqueIdentifier>{67DA6AB6-F800-4c08-8B7A-83BB121AAD01}</UniqueIdentifier>
      <Extensions>rc;ico;cur;bmp;dlg;rc2;rct;bin;rgs;gif;jpg;jpeg;jpe;resx;tiff;tif;png;wav;mfcribbon-ms</Extensions>
    </Filter>
    <Filter Include="Source Files\Unit">
      <UniqueIdentifier>{f1bc3d71-3640-4acd-8585-07df3fdf9d98}</UniqueIdentifier>
    </Filter>
    <Filter Include="Source Files\TestingSource">
      <UniqueIdentifier>{7998bf76-30db-425a-acc2-9b770198cbb6}</UniqueIdentifier>
    </Filter>
    <Filter Include="Source Files\TestingSource\GumballMachine">
      <UniqueIdentifier>{af1c0d39-091c-4d61-b986-c852065ecbd4}</UniqueIdentifier>
    </Filter>
    <Filter Include="Source Files\TestingSource\GumballMachine\State">
      <UniqueIdentifier>{345eb1e9-59c4-48e0-a798-df869c2f087d}</UniqueIdentifier>
    </Filter>
    <Filter Include="Source Files\TestingSource\GumballMachine\State\CState">
      <UniqueIdentifier>{6d58ff1a-351e-4979-af7c-988fe6ad8923}</UniqueIdentifier>
    </Filter>
    <Filter Include="Source Files\TestingSource\GumballMachine\State\CState\Multi">
      <UniqueIdentifier>{4e8e4e2b-5455-423f-b932-119adc216d36}</UniqueIdentifier>
    </Filter>
    <Filter Include="Source Files\TestingSource\GumballMachine\CGumballMachine">
      <UniqueIdentifier>{2656b8c6-98da-4967-9ce3-1e3e153d785c}</UniqueIdentifier>
    </Filter>
    <Filter Include="Source Files\TestingSource\GumballMachine\CGumballMachine\Multi">
      <UniqueIdentifier>{4bdbe3cf-dca2-4596-a4ae-fbdae800376f}</UniqueIdentifier>
    </Filter>
  </ItemGroup>
  <ItemGroup>
    <ClCompile Include="src\main.test.cpp">
      <Filter>Source Files</Filter>
    </ClCompile>
    <ClCompile Include="src\pch.cpp">
      <Filter>Source Files</Filter>
    </ClCompile>
    <ClCompile Include="src\unit\state_pattern.test.cpp">
      <Filter>Source Files\Unit</Filter>
    </ClCompile>
    <ClCompile Include="..\src\gumball_machine\state\BaseState.cpp">
      <Filter>Source Files\TestingSource\GumballMachine\State</Filter>
    </ClCompile>
    <ClCompile Include="..\src\gumball_machine\state\CState\NoQuarterState.cpp">
      <Filter>Source Files\TestingSource\GumballMachine\State\CState</Filter>
    </ClCompile>
    <ClCompile Include="..\src\gumball_machine\state\CState\HasQuarterState.cpp">
      <Filter>Source Files\TestingSource\GumballMachine\State\CState</Filter>
    </ClCompile>
    <ClCompile Include="..\src\gumball_machine\state\CState\SoldOutState.cpp">
      <Filter>Source Files\TestingSource\GumballMachine\State\CState</Filter>
    </ClCompile>
    <ClCompile Include="..\src\gumball_machine\state\CState\SoldState.cpp">
      <Filter>Source Files\TestingSource\GumballMachine\State\CState</Filter>
    </ClCompile>
    <ClCompile Include="..\src\gumball_machine\state\CState\multi\MultiHasQuarterState.cpp">
      <Filter>Source Files\TestingSource\GumballMachine\State\CState\Multi</Filter>
    </ClCompile>
    <ClCompile Include="..\src\gumball_machine\state\CState\multi\MultiSoldOutState.cpp">
      <Filter>Source Files\TestingSource\GumballMachine\State\CState\Multi</Filter>
    </ClCompile>
    <ClCompile Include="..\src\gumball_machine\CGumballMachine\GumballMachine.cpp">
      <Filter>Source Files\TestingSource\GumballMachine\CGumballMachine</Filter>
    </ClCompile>
    <ClCompile Include="..\src\gumball_machine\CGumballMachine\NaiveGumballMachine.cpp">
      <Filter>Source Files\TestingSource\GumballMachine\CGumballMachine</Filter>
    </ClCompile>
    <ClCompile Include="..\src\gumball_machine\CGumballMachine\multi\MultiGumballMachine.cpp">
      <Filter>Source Files\TestingSource\GumballMachine\CGumballMachine\Multi</Filter>
    </ClCompile>
  </ItemGroup>
  <ItemGroup>
    <ClInclude Include="src\pch.h">
      <Filter>Header Files</Filter>
    </ClInclude>
  </ItemGroup>
</Project>