
Microsoft Visual Studio Solution File, Format Version 12.00
# Visual Studio Version 17
VisualStudioVersion = 17.3.32825.248
MinimumVisualStudioVersion = 10.0.40219.1
Project("{8BC9CEB8-8B4A-11D0-8D11-00A0C91BC942}") = "observer", "observer\observer.vcxproj", "{2822DAD2-299F-453E-AEB6-4A28DF68D8D9}"
EndProject
Project("{8BC9CEB8-8B4A-11D0-8D11-00A0C91BC942}") = "observer_full_stat", "observer_full_stat\observer_full_stat.vcxproj", "{6383F04C-53CD-4DE0-A3BA-03ECA9B8D99A}"
EndProject
Project("{8BC9CEB8-8B4A-11D0-8D11-00A0C91BC942}") = "observer_priority", "observer_priority\observer_priority.vcxproj", "{0BA8AAF9-33E7-465D-8BDC-159904814ABF}"
EndProject
Global
	GlobalSection(SolutionConfigurationPlatforms) = preSolution
		Debug|x64 = Debug|x64
		Debug|x86 = Debug|x86
		Release|x64 = Release|x64
		Release|x86 = Release|x86
	EndGlobalSection
	GlobalSection(ProjectConfigurationPlatforms) = postSolution
		{2822DAD2-299F-453E-AEB6-4A28DF68D8D9}.Debug|x64.ActiveCfg = Debug|x64
		{2822DAD2-299F-453E-AEB6-4A28DF68D8D9}.Debug|x64.Build.0 = Debug|x64
		{2822DAD2-299F-453E-AEB6-4A28DF68D8D9}.Debug|x86.ActiveCfg = Debug|Win32
		{2822DAD2-299F-453E-AEB6-4A28DF68D8D9}.Debug|x86.Build.0 = Debug|Win32
		{2822DAD2-299F-453E-AEB6-4A28DF68D8D9}.Release|x64.ActiveCfg = Release|x64
		{2822DAD2-299F-453E-AEB6-4A28DF68D8D9}.Release|x64.Build.0 = Release|x64
		{2822DAD2-299F-453E-AEB6-4A28DF68D8D9}.Release|x86.ActiveCfg = Release|Win32
		{2822DAD2-299F-453E-AEB6-4A28DF68D8D9}.Release|x86.Build.0 = Release|Win32
		{6383F04C-53CD-4DE0-A3BA-03ECA9B8D99A}.Debug|x64.ActiveCfg = Debug|x64
		{6383F04C-53CD-4DE0-A3BA-03ECA9B8D99A}.Debug|x64.Build.0 = Debug|x64
		{6383F04C-53CD-4DE0-A3BA-03ECA9B8D99A}.Debug|x86.ActiveCfg = Debug|Win32
		{6383F04C-53CD-4DE0-A3BA-03ECA9B8D99A}.Debug|x86.Build.0 = Debug|Win32
		{6383F04C-53CD-4DE0-A3BA-03ECA9B8D99A}.Release|x64.ActiveCfg = Release|x64
		{6383F04C-53CD-4DE0-A3BA-03ECA9B8D99A}.Release|x64.Build.0 = Release|x64
		{6383F04C-53CD-4DE0-A3BA-03ECA9B8D99A}.Release|x86.ActiveCfg = Release|Win32
		{6383F04C-53CD-4DE0-A3BA-03ECA9B8D99A}.Release|x86.Build.0 = Release|Win32
		{0BA8AAF9-33E7-465D-8BDC-159904814ABF}.Debug|x64.ActiveCfg = Debug|x64
		{0BA8AAF9-33E7-465D-8BDC-159904814ABF}.Debug|x64.Build.0 = Debug|x64
		{0BA8AAF9-33E7-465D-8BDC-159904814ABF}.Debug|x86.ActiveCfg = Debug|Win32
		{0BA8AAF9-33E7-465D-8BDC-159904814ABF}.Debug|x86.Build.0 = Debug|Win32
		{0BA8AAF9-33E7-465D-8BDC-159904814ABF}.Release|x64.ActiveCfg = Release|x64
		{0BA8AAF9-33E7-465D-8BDC-159904814ABF}.Release|x64.Build.0 = Release|x64
		{0BA8AAF9-33E7-465D-8BDC-159904814ABF}.Release|x86.ActiveCfg = Release|Win32
		{0BA8AAF9-33E7-465D-8BDC-159904814ABF}.Release|x86.Build.0 = Release|Win32
	EndGlobalSection
	GlobalSection(SolutionProperties) = preSolution
		HideSolutionNode = FALSE
	EndGlobalSection
	GlobalSection(ExtensibilityGlobals) = postSolution
		SolutionGuid = {ECDC3B30-3A02-45DE-AE22-16B187E45C86}
	EndGlobalSection
EndGlobal
