
Microsoft Visual Studio Solution File, Format Version 12.00
# Visual Studio Version 17
VisualStudioVersion = 17.3.32825.248
MinimumVisualStudioVersion = 10.0.40219.1
Project("{8BC9CEB8-8B4A-11D0-8D11-00A0C91BC942}") = "observer", "observer\observer.vcxproj", "{2822DAD2-299F-453E-AEB6-4A28DF68D8D9}"
EndProject
Project("{8BC9CEB8-8B4A-11D0-8D11-00A0C91BC942}") = "observer_full_stat", "observer_full_stat\observer_full_stat.vcxproj", "{6383F04C-53CD-4DE0-A3BA-03ECA9B8D99A}"
EndProject
Project("{8BC9CEB8-8B4A-11D0-8D11-00A0C91BC942}") = "observer_priority", "observer_priority\observer_priority.vcxproj", "{0BA8AAF9-33E7-465D-8BDC-159904814ABF}"
EndProject
Project("{8BC9CEB8-8B4A-11D0-8D11-00A0C91BC942}") = "observer_safe_update", "observer_safe_update\observer_safe_update.vcxproj", "{8D9D97D4-BC42-49F9-A75C-CA3D512B7AD2}"
EndProject
Project("{8BC9CEB8-8B4A-11D0-8D11-00A0C91BC942}") = "observer_duo", "observer_duo\observer_duo.vcxproj", "{BAFCD75F-AF97-463E-9114-88FA84AA6BCA}"
EndProject
Project("{2150E333-8FDC-42A3-9474-1A3956D46DE8}") = "Tests", "Tests", "{1B5AEAF2-76F0-4BE1-9768-32788F1DD0FA}"
EndProject
Project("{8BC9CEB8-8B4A-11D0-8D11-00A0C91BC942}") = "observer_priority_test", "test\observer_priority_test\observer_priority_test.vcxproj", "{0D3B8934-5ED8-40F9-94E3-80803F129C6F}"
EndProject
Project("{8BC9CEB8-8B4A-11D0-8D11-00A0C91BC942}") = "observer_safe_update_test", "test\observer_safe_update_test\observer_safe_update_test.vcxproj", "{15064F0F-0CC0-4AF6-9AB9-6079BDC52FFB}"
EndProject
Project("{8BC9CEB8-8B4A-11D0-8D11-00A0C91BC942}") = "observer_duo_test", "test\observer_duo_test\observer_duo_test.vcxproj", "{BC4A195C-0592-41D4-A18E-573079739B36}"
EndProject
Global
	GlobalSection(SolutionConfigurationPlatforms) = preSolution
		Debug|x64 = Debug|x64
		Debug|x86 = Debug|x86
		Release|x64 = Release|x64
		Release|x86 = Release|x86
	EndGlobalSection
	GlobalSection(ProjectConfigurationPlatforms) = postSolution
		{2822DAD2-299F-453E-AEB6-4A28DF68D8D9}.Debug|x64.ActiveCfg = Debug|x64
		{2822DAD2-299F-453E-AEB6-4A28DF68D8D9}.Debug|x64.Build.0 = Debug|x64
		{2822DAD2-299F-453E-AEB6-4A28DF68D8D9}.Debug|x86.ActiveCfg = Debug|Win32
		{2822DAD2-299F-453E-AEB6-4A28DF68D8D9}.Debug|x86.Build.0 = Debug|Win32
		{2822DAD2-299F-453E-AEB6-4A28DF68D8D9}.Release|x64.ActiveCfg = Release|x64
		{2822DAD2-299F-453E-AEB6-4A28DF68D8D9}.Release|x64.Build.0 = Release|x64
		{2822DAD2-299F-453E-AEB6-4A28DF68D8D9}.Release|x86.ActiveCfg = Release|Win32
		{2822DAD2-299F-453E-AEB6-4A28DF68D8D9}.Release|x86.Build.0 = Release|Win32
		{6383F04C-53CD-4DE0-A3BA-03ECA9B8D99A}.Debug|x64.ActiveCfg = Debug|x64
		{6383F04C-53CD-4DE0-A3BA-03ECA9B8D99A}.Debug|x64.Build.0 = Debug|x64
		{6383F04C-53CD-4DE0-A3BA-03ECA9B8D99A}.Debug|x86.ActiveCfg = Debug|Win32
		{6383F04C-53CD-4DE0-A3BA-03ECA9B8D99A}.Debug|x86.Build.0 = Debug|Win32
		{6383F04C-53CD-4DE0-A3BA-03ECA9B8D99A}.Release|x64.ActiveCfg = Release|x64
		{6383F04C-53CD-4DE0-A3BA-03ECA9B8D99A}.Release|x64.Build.0 = Release|x64
		{6383F04C-53CD-4DE0-A3BA-03ECA9B8D99A}.Release|x86.ActiveCfg = Release|Win32
		{6383F04C-53CD-4DE0-A3BA-03ECA9B8D99A}.Release|x86.Build.0 = Release|Win32
		{0BA8AAF9-33E7-465D-8BDC-159904814ABF}.Debug|x64.ActiveCfg = Debug|x64
		{0BA8AAF9-33E7-465D-8BDC-159904814ABF}.Debug|x64.Build.0 = Debug|x64
		{0BA8AAF9-33E7-465D-8BDC-159904814ABF}.Debug|x86.ActiveCfg = Debug|Win32
		{0BA8AAF9-33E7-465D-8BDC-159904814ABF}.Debug|x86.Build.0 = Debug|Win32
		{0BA8AAF9-33E7-465D-8BDC-159904814ABF}.Release|x64.ActiveCfg = Release|x64
		{0BA8AAF9-33E7-465D-8BDC-159904814ABF}.Release|x64.Build.0 = Release|x64
		{0BA8AAF9-33E7-465D-8BDC-159904814ABF}.Release|x86.ActiveCfg = Release|Win32
		{0BA8AAF9-33E7-465D-8BDC-159904814ABF}.Release|x86.Build.0 = Release|Win32
		{8D9D97D4-BC42-49F9-A75C-CA3D512B7AD2}.Debug|x64.ActiveCfg = Debug|x64
		{8D9D97D4-BC42-49F9-A75C-CA3D512B7AD2}.Debug|x64.Build.0 = Debug|x64
		{8D9D97D4-BC42-49F9-A75C-CA3D512B7AD2}.Debug|x86.ActiveCfg = Debug|Win32
		{8D9D97D4-BC42-49F9-A75C-CA3D512B7AD2}.Debug|x86.Build.0 = Debug|Win32
		{8D9D97D4-BC42-49F9-A75C-CA3D512B7AD2}.Release|x64.ActiveCfg = Release|x64
		{8D9D97D4-BC42-49F9-A75C-CA3D512B7AD2}.Release|x64.Build.0 = Release|x64
		{8D9D97D4-BC42-49F9-A75C-CA3D512B7AD2}.Release|x86.ActiveCfg = Release|Win32
		{8D9D97D4-BC42-49F9-A75C-CA3D512B7AD2}.Release|x86.Build.0 = Release|Win32
		{BAFCD75F-AF97-463E-9114-88FA84AA6BCA}.Debug|x64.ActiveCfg = Debug|x64
		{BAFCD75F-AF97-463E-9114-88FA84AA6BCA}.Debug|x64.Build.0 = Debug|x64
		{BAFCD75F-AF97-463E-9114-88FA84AA6BCA}.Debug|x86.ActiveCfg = Debug|Win32
		{BAFCD75F-AF97-463E-9114-88FA84AA6BCA}.Debug|x86.Build.0 = Debug|Win32
		{BAFCD75F-AF97-463E-9114-88FA84AA6BCA}.Release|x64.ActiveCfg = Release|x64
		{BAFCD75F-AF97-463E-9114-88FA84AA6BCA}.Release|x64.Build.0 = Release|x64
		{BAFCD75F-AF97-463E-9114-88FA84AA6BCA}.Release|x86.ActiveCfg = Release|Win32
		{BAFCD75F-AF97-463E-9114-88FA84AA6BCA}.Release|x86.Build.0 = Release|Win32
		{0D3B8934-5ED8-40F9-94E3-80803F129C6F}.Debug|x64.ActiveCfg = Debug|x64
		{0D3B8934-5ED8-40F9-94E3-80803F129C6F}.Debug|x64.Build.0 = Debug|x64
		{0D3B8934-5ED8-40F9-94E3-80803F129C6F}.Debug|x86.ActiveCfg = Debug|Win32
		{0D3B8934-5ED8-40F9-94E3-80803F129C6F}.Debug|x86.Build.0 = Debug|Win32
		{0D3B8934-5ED8-40F9-94E3-80803F129C6F}.Release|x64.ActiveCfg = Release|x64
		{0D3B8934-5ED8-40F9-94E3-80803F129C6F}.Release|x64.Build.0 = Release|x64
		{0D3B8934-5ED8-40F9-94E3-80803F129C6F}.Release|x86.ActiveCfg = Release|Win32
		{0D3B8934-5ED8-40F9-94E3-80803F129C6F}.Release|x86.Build.0 = Release|Win32
		{15064F0F-0CC0-4AF6-9AB9-6079BDC52FFB}.Debug|x64.ActiveCfg = Debug|x64
		{15064F0F-0CC0-4AF6-9AB9-6079BDC52FFB}.Debug|x64.Build.0 = Debug|x64
		{15064F0F-0CC0-4AF6-9AB9-6079BDC52FFB}.Debug|x86.ActiveCfg = Debug|Win32
		{15064F0F-0CC0-4AF6-9AB9-6079BDC52FFB}.Debug|x86.Build.0 = Debug|Win32
		{15064F0F-0CC0-4AF6-9AB9-6079BDC52FFB}.Release|x64.ActiveCfg = Release|x64
		{15064F0F-0CC0-4AF6-9AB9-6079BDC52FFB}.Release|x64.Build.0 = Release|x64
		{15064F0F-0CC0-4AF6-9AB9-6079BDC52FFB}.Release|x86.ActiveCfg = Release|Win32
		{15064F0F-0CC0-4AF6-9AB9-6079BDC52FFB}.Release|x86.Build.0 = Release|Win32
		{BC4A195C-0592-41D4-A18E-573079739B36}.Debug|x64.ActiveCfg = Debug|x64
		{BC4A195C-0592-41D4-A18E-573079739B36}.Debug|x64.Build.0 = Debug|x64
		{BC4A195C-0592-41D4-A18E-573079739B36}.Debug|x86.ActiveCfg = Debug|Win32
		{BC4A195C-0592-41D4-A18E-573079739B36}.Debug|x86.Build.0 = Debug|Win32
		{BC4A195C-0592-41D4-A18E-573079739B36}.Release|x64.ActiveCfg = Release|x64
		{BC4A195C-0592-41D4-A18E-573079739B36}.Release|x64.Build.0 = Release|x64
		{BC4A195C-0592-41D4-A18E-573079739B36}.Release|x86.ActiveCfg = Release|Win32
		{BC4A195C-0592-41D4-A18E-573079739B36}.Release|x86.Build.0 = Release|Win32
	EndGlobalSection
	GlobalSection(SolutionProperties) = preSolution
		HideSolutionNode = FALSE
	EndGlobalSection
	GlobalSection(NestedProjects) = preSolution
		{0D3B8934-5ED8-40F9-94E3-80803F129C6F} = {1B5AEAF2-76F0-4BE1-9768-32788F1DD0FA}
		{15064F0F-0CC0-4AF6-9AB9-6079BDC52FFB} = {1B5AEAF2-76F0-4BE1-9768-32788F1DD0FA}
		{BC4A195C-0592-41D4-A18E-573079739B36} = {1B5AEAF2-76F0-4BE1-9768-32788F1DD0FA}
	EndGlobalSection
	GlobalSection(ExtensibilityGlobals) = postSolution
		SolutionGuid = {ECDC3B30-3A02-45DE-AE22-16B187E45C86}
	EndGlobalSection
EndGlobal
