
Microsoft Visual Studio Solution File, Format Version 12.00
# Visual Studio Version 17
VisualStudioVersion = 17.3.32929.385
MinimumVisualStudioVersion = 10.0.40219.1
Project("{8BC9CEB8-8B4A-11D0-8D11-00A0C91BC942}") = "adapter_obj", "adapter_obj\adapter_obj.vcxproj", "{42399382-9755-4E01-ADCF-D72D6E7F840B}"
EndProject
Project("{8BC9CEB8-8B4A-11D0-8D11-00A0C91BC942}") = "adapter_class", "adapter_class\adapter_class.vcxproj", "{13FE43D1-F5B9-4832-9676-33CEA0CC4A65}"
EndProject
Project("{2150E333-8FDC-42A3-9474-1A3956D46DE8}") = "test", "test", "{8F39A630-79F0-425C-930E-B60C6A4B87A7}"
EndProject
Project("{8BC9CEB8-8B4A-11D0-8D11-00A0C91BC942}") = "adapter_obj_test", "adapter_obj\test\adapter_obj_test.vcxproj", "{3FF2F1A6-83B8-450F-BE2B-709D3342964F}"
EndProject
Project("{8BC9CEB8-8B4A-11D0-8D11-00A0C91BC942}") = "adapter_class_test", "adapter_class\test\adapter_class_test\adapter_class_test.vcxproj", "{293D0CBB-34F3-4541-A7F9-F37778D41EA2}"
EndProject
Project("{8BC9CEB8-8B4A-11D0-8D11-00A0C91BC942}") = "adapter_color", "adapter_color\adapter_color.vcxproj", "{0CF22517-510D-4507-9CD1-4194EB19F61C}"
EndProject
Global
	GlobalSection(SolutionConfigurationPlatforms) = preSolution
		Debug|x64 = Debug|x64
		Debug|x86 = Debug|x86
		Release|x64 = Release|x64
		Release|x86 = Release|x86
	EndGlobalSection
	GlobalSection(ProjectConfigurationPlatforms) = postSolution
		{42399382-9755-4E01-ADCF-D72D6E7F840B}.Debug|x64.ActiveCfg = Debug|x64
		{42399382-9755-4E01-ADCF-D72D6E7F840B}.Debug|x64.Build.0 = Debug|x64
		{42399382-9755-4E01-ADCF-D72D6E7F840B}.Debug|x86.ActiveCfg = Debug|Win32
		{42399382-9755-4E01-ADCF-D72D6E7F840B}.Debug|x86.Build.0 = Debug|Win32
		{42399382-9755-4E01-ADCF-D72D6E7F840B}.Release|x64.ActiveCfg = Release|x64
		{42399382-9755-4E01-ADCF-D72D6E7F840B}.Release|x64.Build.0 = Release|x64
		{42399382-9755-4E01-ADCF-D72D6E7F840B}.Release|x86.ActiveCfg = Release|Win32
		{42399382-9755-4E01-ADCF-D72D6E7F840B}.Release|x86.Build.0 = Release|Win32
		{13FE43D1-F5B9-4832-9676-33CEA0CC4A65}.Debug|x64.ActiveCfg = Debug|x64
		{13FE43D1-F5B9-4832-9676-33CEA0CC4A65}.Debug|x64.Build.0 = Debug|x64
		{13FE43D1-F5B9-4832-9676-33CEA0CC4A65}.Debug|x86.ActiveCfg = Debug|Win32
		{13FE43D1-F5B9-4832-9676-33CEA0CC4A65}.Debug|x86.Build.0 = Debug|Win32
		{13FE43D1-F5B9-4832-9676-33CEA0CC4A65}.Release|x64.ActiveCfg = Release|x64
		{13FE43D1-F5B9-4832-9676-33CEA0CC4A65}.Release|x64.Build.0 = Release|x64
		{13FE43D1-F5B9-4832-9676-33CEA0CC4A65}.Release|x86.ActiveCfg = Release|Win32
		{13FE43D1-F5B9-4832-9676-33CEA0CC4A65}.Release|x86.Build.0 = Release|Win32
		{3FF2F1A6-83B8-450F-BE2B-709D3342964F}.Debug|x64.ActiveCfg = Debug|x64
		{3FF2F1A6-83B8-450F-BE2B-709D3342964F}.Debug|x64.Build.0 = Debug|x64
		{3FF2F1A6-83B8-450F-BE2B-709D3342964F}.Debug|x86.ActiveCfg = Debug|Win32
		{3FF2F1A6-83B8-450F-BE2B-709D3342964F}.Debug|x86.Build.0 = Debug|Win32
		{3FF2F1A6-83B8-450F-BE2B-709D3342964F}.Release|x64.ActiveCfg = Release|x64
		{3FF2F1A6-83B8-450F-BE2B-709D3342964F}.Release|x64.Build.0 = Release|x64
		{3FF2F1A6-83B8-450F-BE2B-709D3342964F}.Release|x86.ActiveCfg = Release|Win32
		{3FF2F1A6-83B8-450F-BE2B-709D3342964F}.Release|x86.Build.0 = Release|Win32
		{293D0CBB-34F3-4541-A7F9-F37778D41EA2}.Debug|x64.ActiveCfg = Debug|x64
		{293D0CBB-34F3-4541-A7F9-F37778D41EA2}.Debug|x64.Build.0 = Debug|x64
		{293D0CBB-34F3-4541-A7F9-F37778D41EA2}.Debug|x86.ActiveCfg = Debug|Win32
		{293D0CBB-34F3-4541-A7F9-F37778D41EA2}.Debug|x86.Build.0 = Debug|Win32
		{293D0CBB-34F3-4541-A7F9-F37778D41EA2}.Release|x64.ActiveCfg = Release|x64
		{293D0CBB-34F3-4541-A7F9-F37778D41EA2}.Release|x64.Build.0 = Release|x64
		{293D0CBB-34F3-4541-A7F9-F37778D41EA2}.Release|x86.ActiveCfg = Release|Win32
		{293D0CBB-34F3-4541-A7F9-F37778D41EA2}.Release|x86.Build.0 = Release|Win32
		{0CF22517-510D-4507-9CD1-4194EB19F61C}.Debug|x64.ActiveCfg = Debug|x64
		{0CF22517-510D-4507-9CD1-4194EB19F61C}.Debug|x64.Build.0 = Debug|x64
		{0CF22517-510D-4507-9CD1-4194EB19F61C}.Debug|x86.ActiveCfg = Debug|Win32
		{0CF22517-510D-4507-9CD1-4194EB19F61C}.Debug|x86.Build.0 = Debug|Win32
		{0CF22517-510D-4507-9CD1-4194EB19F61C}.Release|x64.ActiveCfg = Release|x64
		{0CF22517-510D-4507-9CD1-4194EB19F61C}.Release|x64.Build.0 = Release|x64
		{0CF22517-510D-4507-9CD1-4194EB19F61C}.Release|x86.ActiveCfg = Release|Win32
		{0CF22517-510D-4507-9CD1-4194EB19F61C}.Release|x86.Build.0 = Release|Win32
	EndGlobalSection
	GlobalSection(SolutionProperties) = preSolution
		HideSolutionNode = FALSE
	EndGlobalSection
	GlobalSection(NestedProjects) = preSolution
		{3FF2F1A6-83B8-450F-BE2B-709D3342964F} = {8F39A630-79F0-425C-930E-B60C6A4B87A7}
		{293D0CBB-34F3-4541-A7F9-F37778D41EA2} = {8F39A630-79F0-425C-930E-B60C6A4B87A7}
	EndGlobalSection
	GlobalSection(ExtensibilityGlobals) = postSolution
		SolutionGuid = {7C91C33C-7EAF-4CBA-80DB-37D30384E1C0}
	EndGlobalSection
EndGlobal
